{
  "requires": true,
  "lockfileVersion": 1,
  "dependencies": {
    "angularx-social-login": {
      "version": "2.3.1",
      "resolved": "https://registry.npmjs.org/angularx-social-login/-/angularx-social-login-2.3.1.tgz",
      "integrity": "sha512-U0bf7ZdtB2oQicSMTzx9VEMEcW5gxo/Bb2dKWNTt5Tf0GANj89tf1rTF2YsSOHZbLPOdvtHXim+nARF7UCAjVg=="
    }
  }
}
